// !$*UTF8*$!
{
	archiveVersion = 1;
	classes = {
	};
	objectVersion = 56;
	objects = {

/* Begin PBXBuildFile section */
		99730C382CB19C250020C9BE /* BasicAppIOSApp.swift in Sources */ = {isa = PBXBuildFile; fileRef = 99730C372CB19C250020C9BE /* BasicAppIOSApp.swift */; };
		99730C3A2CB19C250020C9BE /* ContentView.swift in Sources */ = {isa = PBXBuildFile; fileRef = 99730C392CB19C250020C9BE /* ContentView.swift */; };
		99730C3C2CB19C280020C9BE /* Assets.xcassets in Resources */ = {isa = PBXBuildFile; fileRef = 99730C3B2CB19C280020C9BE /* Assets.xcassets */; };
		99730C3F2CB19C280020C9BE /* Preview Assets.xcassets in Resources */ = {isa = PBXBuildFile; fileRef = 99730C3E2CB19C280020C9BE /* Preview Assets.xcassets */; };
		99730C462CB1A5B40020C9BE /* Model.swift in Sources */ = {isa = PBXBuildFile; fileRef = 99730C452CB1A5B40020C9BE /* Model.swift */; };
		998268BC2CB2ECE1007E57DC /* pokemon_test.json in Resources */ = {isa = PBXBuildFile; fileRef = 998268BB2CB2ECE1007E57DC /* pokemon_test.json */; };
		998268BE2CB2FC94007E57DC /* Repository.swift in Sources */ = {isa = PBXBuildFile; fileRef = 998268BD2CB2FC94007E57DC /* Repository.swift */; };
		998268C02CB2FD47007E57DC /* pokemon.json in Resources */ = {isa = PBXBuildFile; fileRef = 998268BF2CB2FD47007E57DC /* pokemon.json */; };
		998268C22CB31D24007E57DC /* PokemonCardVM.swift in Sources */ = {isa = PBXBuildFile; fileRef = 998268C12CB31D24007E57DC /* PokemonCardVM.swift */; };
		998268C62CB325C8007E57DC /* PokemonCardView.swift in Sources */ = {isa = PBXBuildFile; fileRef = 998268C52CB325C7007E57DC /* PokemonCardView.swift */; };
		998268C82CB339BC007E57DC /* PokemonListView.swift in Sources */ = {isa = PBXBuildFile; fileRef = 998268C72CB339BC007E57DC /* PokemonListView.swift */; };
		998268CA2CB3420F007E57DC /* StatView.swift in Sources */ = {isa = PBXBuildFile; fileRef = 998268C92CB3420F007E57DC /* StatView.swift */; };
/* End PBXBuildFile section */

/* Begin PBXFileReference section */
		99730C342CB19C250020C9BE /* BasicAppIOS.app */ = {isa = PBXFileReference; explicitFileType = wrapper.application; includeInIndex = 0; path = BasicAppIOS.app; sourceTree = BUILT_PRODUCTS_DIR; };
		99730C372CB19C250020C9BE /* BasicAppIOSApp.swift */ = {isa = PBXFileReference; lastKnownFileType = sourcecode.swift; path = BasicAppIOSApp.swift; sourceTree = "<group>"; };
		99730C392CB19C250020C9BE /* ContentView.swift */ = {isa = PBXFileReference; lastKnownFileType = sourcecode.swift; path = ContentView.swift; sourceTree = "<group>"; };
		99730C3B2CB19C280020C9BE /* Assets.xcassets */ = {isa = PBXFileReference; lastKnownFileType = folder.assetcatalog; path = Assets.xcassets; sourceTree = "<group>"; };
		99730C3E2CB19C280020C9BE /* Preview Assets.xcassets */ = {isa = PBXFileReference; lastKnownFileType = folder.assetcatalog; path = "Preview Assets.xcassets"; sourceTree = "<group>"; };
		99730C452CB1A5B40020C9BE /* Model.swift */ = {isa = PBXFileReference; lastKnownFileType = sourcecode.swift; path = Model.swift; sourceTree = "<group>"; };
		998268BB2CB2ECE1007E57DC /* pokemon_test.json */ = {isa = PBXFileReference; fileEncoding = 4; lastKnownFileType = text.json; name = pokemon_test.json; path = ../../../../PythonRun/pokemon_test.json; sourceTree = "<group>"; };
		998268BD2CB2FC94007E57DC /* Repository.swift */ = {isa = PBXFileReference; lastKnownFileType = sourcecode.swift; path = Repository.swift; sourceTree = "<group>"; };
		998268BF2CB2FD47007E57DC /* pokemon.json */ = {isa = PBXFileReference; fileEncoding = 4; lastKnownFileType = text.json; name = pokemon.json; path = ../../../PythonRun/pokemon.json; sourceTree = "<group>"; };
		998268C12CB31D24007E57DC /* PokemonCardVM.swift */ = {isa = PBXFileReference; lastKnownFileType = sourcecode.swift; path = PokemonCardVM.swift; sourceTree = "<group>"; };
		998268C52CB325C7007E57DC /* PokemonCardView.swift */ = {isa = PBXFileReference; lastKnownFileType = sourcecode.swift; path = PokemonCardView.swift; sourceTree = "<group>"; };
		998268C72CB339BC007E57DC /* PokemonListView.swift */ = {isa = PBXFileReference; lastKnownFileType = sourcecode.swift; path = PokemonListView.swift; sourceTree = "<group>"; };
		998268C92CB3420F007E57DC /* StatView.swift */ = {isa = PBXFileReference; lastKnownFileType = sourcecode.swift; path = StatView.swift; sourceTree = "<group>"; };
/* End PBXFileReference section */

/* Begin PBXFrameworksBuildPhase section */
		99730C312CB19C250020C9BE /* Frameworks */ = {
			isa = PBXFrameworksBuildPhase;
			buildActionMask = 2147483647;
			files = (
			);
			runOnlyForDeploymentPostprocessing = 0;
		};
/* End PBXFrameworksBuildPhase section */

/* Begin PBXGroup section */
		99730C2B2CB19C250020C9BE = {
			isa = PBXGroup;
			children = (
				99730C362CB19C250020C9BE /* BasicAppIOS */,
				99730C352CB19C250020C9BE /* Products */,
			);
			sourceTree = "<group>";
		};
		99730C352CB19C250020C9BE /* Products */ = {
			isa = PBXGroup;
			children = (
				99730C342CB19C250020C9BE /* BasicAppIOS.app */,
			);
			name = Products;
			sourceTree = "<group>";
		};
		99730C362CB19C250020C9BE /* BasicAppIOS */ = {
			isa = PBXGroup;
			children = (
				99730C372CB19C250020C9BE /* BasicAppIOSApp.swift */,
				99730C392CB19C250020C9BE /* ContentView.swift */,
				998268BF2CB2FD47007E57DC /* pokemon.json */,
				99730C452CB1A5B40020C9BE /* Model.swift */,
				998268C52CB325C7007E57DC /* PokemonCardView.swift */,
				998268C92CB3420F007E57DC /* StatView.swift */,
				998268BD2CB2FC94007E57DC /* Repository.swift */,
				998268C72CB339BC007E57DC /* PokemonListView.swift */,
				998268C12CB31D24007E57DC /* PokemonCardVM.swift */,
				99730C3B2CB19C280020C9BE /* Assets.xcassets */,
				99730C3D2CB19C280020C9BE /* Preview Content */,
			);
			path = BasicAppIOS;
			sourceTree = "<group>";
		};
		99730C3D2CB19C280020C9BE /* Preview Content */ = {
			isa = PBXGroup;
			children = (
				998268BB2CB2ECE1007E57DC /* pokemon_test.json */,
				99730C3E2CB19C280020C9BE /* Preview Assets.xcassets */,
			);
			path = "Preview Content";
			sourceTree = "<group>";
		};
/* End PBXGroup section */

/* Begin PBXNativeTarget section */
		99730C332CB19C250020C9BE /* BasicAppIOS */ = {
			isa = PBXNativeTarget;
			buildConfigurationList = 99730C422CB19C280020C9BE /* Build configuration list for PBXNativeTarget "BasicAppIOS" */;
			buildPhases = (
				99730C302CB19C250020C9BE /* Sources */,
				99730C312CB19C250020C9BE /* Frameworks */,
				99730C322CB19C250020C9BE /* Resources */,
			);
			buildRules = (
			);
			dependencies = (
			);
			name = BasicAppIOS;
			productName = BasicAppIOS;
			productReference = 99730C342CB19C250020C9BE /* BasicAppIOS.app */;
			productType = "com.apple.product-type.application";
		};
/* End PBXNativeTarget section */

/* Begin PBXProject section */
		99730C2C2CB19C250020C9BE /* Project object */ = {
			isa = PBXProject;
			attributes = {
				BuildIndependentTargetsInParallel = 1;
				LastSwiftUpdateCheck = 1420;
				LastUpgradeCheck = 1420;
				TargetAttributes = {
					99730C332CB19C250020C9BE = {
						CreatedOnToolsVersion = 14.2;
					};
				};
			};
			buildConfigurationList = 99730C2F2CB19C250020C9BE /* Build configuration list for PBXProject "BasicAppIOS" */;
			compatibilityVersion = "Xcode 14.0";
			developmentRegion = en;
			hasScannedForEncodings = 0;
			knownRegions = (
				en,
				Base,
			);
			mainGroup = 99730C2B2CB19C250020C9BE;
			productRefGroup = 99730C352CB19C250020C9BE /* Products */;
			projectDirPath = "";
			projectRoot = "";
			targets = (
				99730C332CB19C250020C9BE /* BasicAppIOS */,
			);
		};
/* End PBXProject section */

/* Begin PBXResourcesBuildPhase section */
		99730C322CB19C250020C9BE /* Resources */ = {
			isa = PBXResourcesBuildPhase;
			buildActionMask = 2147483647;
			files = (
				99730C3F2CB19C280020C9BE /* Preview Assets.xcassets in Resources */,
				998268C02CB2FD47007E57DC /* pokemon.json in Resources */,
				998268BC2CB2ECE1007E57DC /* pokemon_test.json in Resources */,
				99730C3C2CB19C280020C9BE /* Assets.xcassets in Resources */,
			);
			runOnlyForDeploymentPostprocessing = 0;
		};
/* End PBXResourcesBuildPhase section */

/* Begin PBXSourcesBuildPhase section */
		99730C302CB19C250020C9BE /* Sources */ = {
			isa = PBXSourcesBuildPhase;
			buildActionMask = 2147483647;
			files = (
				998268CA2CB3420F007E57DC /* StatView.swift in Sources */,
				99730C462CB1A5B40020C9BE /* Model.swift in Sources */,
				99730C3A2CB19C250020C9BE /* ContentView.swift in Sources */,
				99730C382CB19C250020C9BE /* BasicAppIOSApp.swift in Sources */,
				998268BE2CB2FC94007E57DC /* Repository.swift in Sources */,
				998268C62CB325C8007E57DC /* PokemonCardView.swift in Sources */,
				998268C82CB339BC007E57DC /* PokemonListView.swift in Sources */,
				998268C22CB31D24007E57DC /* PokemonCardVM.swift in Sources */,
			);
			runOnlyForDeploymentPostprocessing = 0;
		};
/* End PBXSourcesBuildPhase section */

/* Begin XCBuildConfiguration section */
		99730C402CB19C280020C9BE /* Debug */ = {
			isa = XCBuildConfiguration;
			buildSettings = {
				ALWAYS_SEARCH_USER_PATHS = NO;
				CLANG_ANALYZER_NONNULL = YES;
				CLANG_ANALYZER_NUMBER_OBJECT_CONVERSION = YES_AGGRESSIVE;
				CLANG_CXX_LANGUAGE_STANDARD = "gnu++20";
				CLANG_ENABLE_MODULES = YES;
				CLANG_ENABLE_OBJC_ARC = YES;
				CLANG_ENABLE_OBJC_WEAK = YES;
				CLANG_WARN_BLOCK_CAPTURE_AUTORELEASING = YES;
				CLANG_WARN_BOOL_CONVERSION = YES;
				CLANG_WARN_COMMA = YES;
				CLANG_WARN_CONSTANT_CONVERSION = YES;
				CLANG_WARN_DEPRECATED_OBJC_IMPLEMENTATIONS = YES;
				CLANG_WARN_DIRECT_OBJC_ISA_USAGE = YES_ERROR;
				CLANG_WARN_DOCUMENTATION_COMMENTS = YES;
				CLANG_WARN_EMPTY_BODY = YES;
				CLANG_WARN_ENUM_CONVERSION = YES;
				CLANG_WARN_INFINITE_RECURSION = YES;
				CLANG_WARN_INT_CONVERSION = YES;
				CLANG_WARN_NON_LITERAL_NULL_CONVERSION = YES;
				CLANG_WARN_OBJC_IMPLICIT_RETAIN_SELF = YES;
				CLANG_WARN_OBJC_LITERAL_CONVERSION = YES;
				CLANG_WARN_OBJC_ROOT_CLASS = YES_ERROR;
				CLANG_WARN_QUOTED_INCLUDE_IN_FRAMEWORK_HEADER = YES;
				CLANG_WARN_RANGE_LOOP_ANALYSIS = YES;
				CLANG_WARN_STRICT_PROTOTYPES = YES;
				CLANG_WARN_SUSPICIOUS_MOVE = YES;
				CLANG_WARN_UNGUARDED_AVAILABILITY = YES_AGGRESSIVE;
				CLANG_WARN_UNREACHABLE_CODE = YES;
				CLANG_WARN__DUPLICATE_METHOD_MATCH = YES;
				COPY_PHASE_STRIP = NO;
				DEBUG_INFORMATION_FORMAT = dwarf;
				ENABLE_STRICT_OBJC_MSGSEND = YES;
				ENABLE_TESTABILITY = YES;
				GCC_C_LANGUAGE_STANDARD = gnu11;
				GCC_DYNAMIC_NO_PIC = NO;
				GCC_NO_COMMON_BLOCKS = YES;
				GCC_OPTIMIZATION_LEVEL = 0;
				GCC_PREPROCESSOR_DEFINITIONS = (
					"DEBUG=1",
					"$(inherited)",
				);
				GCC_WARN_64_TO_32_BIT_CONVERSION = YES;
				GCC_WARN_ABOUT_RETURN_TYPE = YES_ERROR;
				GCC_WARN_UNDECLARED_SELECTOR = YES;
				GCC_WARN_UNINITIALIZED_AUTOS = YES_AGGRESSIVE;
				GCC_WARN_UNUSED_FUNCTION = YES;
				GCC_WARN_UNUSED_VARIABLE = YES;
				IPHONEOS_DEPLOYMENT_TARGET = 16.2;
				MTL_ENABLE_DEBUG_INFO = INCLUDE_SOURCE;
				MTL_FAST_MATH = YES;
				ONLY_ACTIVE_ARCH = YES;
				SDKROOT = iphoneos;
				SWIFT_ACTIVE_COMPILATION_CONDITIONS = DEBUG;
				SWIFT_OPTIMIZATION_LEVEL = "-Onone";
			};
			name = Debug;
		};
		99730C412CB19C280020C9BE /* Release */ = {
			isa = XCBuildConfiguration;
			buildSettings = {
				ALWAYS_SEARCH_USER_PATHS = NO;
				CLANG_ANALYZER_NONNULL = YES;
				CLANG_ANALYZER_NUMBER_OBJECT_CONVERSION = YES_AGGRESSIVE;
				CLANG_CXX_LANGUAGE_STANDARD = "gnu++20";
				CLANG_ENABLE_MODULES = YES;
				CLANG_ENABLE_OBJC_ARC = YES;
				CLANG_ENABLE_OBJC_WEAK = YES;
				CLANG_WARN_BLOCK_CAPTURE_AUTORELEASING = YES;
				CLANG_WARN_BOOL_CONVERSION = YES;
				CLANG_WARN_COMMA = YES;
				CLANG_WARN_CONSTANT_CONVERSION = YES;
				CLANG_WARN_DEPRECATED_OBJC_IMPLEMENTATIONS = YES;
				CLANG_WARN_DIRECT_OBJC_ISA_USAGE = YES_ERROR;
				CLANG_WARN_DOCUMENTATION_COMMENTS = YES;
				CLANG_WARN_EMPTY_BODY = YES;
				CLANG_WARN_ENUM_CONVERSION = YES;
				CLANG_WARN_INFINITE_RECURSION = YES;
				CLANG_WARN_INT_CONVERSION = YES;
				CLANG_WARN_NON_LITERAL_NULL_CONVERSION = YES;
				CLANG_WARN_OBJC_IMPLICIT_RETAIN_SELF = YES;
				CLANG_WARN_OBJC_LITERAL_CONVERSION = YES;
				CLANG_WARN_OBJC_ROOT_CLASS = YES_ERROR;
				CLANG_WARN_QUOTED_INCLUDE_IN_FRAMEWORK_HEADER = YES;
				CLANG_WARN_RANGE_LOOP_ANALYSIS = YES;
				CLANG_WARN_STRICT_PROTOTYPES = YES;
				CLANG_WARN_SUSPICIOUS_MOVE = YES;
				CLANG_WARN_UNGUARDED_AVAILABILITY = YES_AGGRESSIVE;
				CLANG_WARN_UNREACHABLE_CODE = YES;
				CLANG_WARN__DUPLICATE_METHOD_MATCH = YES;
				COPY_PHASE_STRIP = NO;
				DEBUG_INFORMATION_FORMAT = "dwarf-with-dsym";
				ENABLE_NS_ASSERTIONS = NO;
				ENABLE_STRICT_OBJC_MSGSEND = YES;
				GCC_C_LANGUAGE_STANDARD = gnu11;
				GCC_NO_COMMON_BLOCKS = YES;
				GCC_WARN_64_TO_32_BIT_CONVERSION = YES;
				GCC_WARN_ABOUT_RETURN_TYPE = YES_ERROR;
				GCC_WARN_UNDECLARED_SELECTOR = YES;
				GCC_WARN_UNINITIALIZED_AUTOS = YES_AGGRESSIVE;
				GCC_WARN_UNUSED_FUNCTION = YES;
				GCC_WARN_UNUSED_VARIABLE = YES;
				IPHONEOS_DEPLOYMENT_TARGET = 16.2;
				MTL_ENABLE_DEBUG_INFO = NO;
				MTL_FAST_MATH = YES;
				SDKROOT = iphoneos;
				SWIFT_COMPILATION_MODE = wholemodule;
				SWIFT_OPTIMIZATION_LEVEL = "-O";
				VALIDATE_PRODUCT = YES;
			};
			name = Release;
		};
		99730C432CB19C280020C9BE /* Debug */ = {
			isa = XCBuildConfiguration;
			buildSettings = {
				ASSETCATALOG_COMPILER_APPICON_NAME = AppIcon;
				ASSETCATALOG_COMPILER_GLOBAL_ACCENT_COLOR_NAME = AccentColor;
				CODE_SIGN_STYLE = Automatic;
				CURRENT_PROJECT_VERSION = 1;
				DEVELOPMENT_ASSET_PATHS = "\"BasicAppIOS/Preview Content\"";
				DEVELOPMENT_TEAM = 7C393F9A33;
				ENABLE_PREVIEWS = YES;
				GENERATE_INFOPLIST_FILE = YES;
				INFOPLIST_KEY_UIApplicationSceneManifest_Generation = YES;
				INFOPLIST_KEY_UIApplicationSupportsIndirectInputEvents = YES;
				INFOPLIST_KEY_UILaunchScreen_Generation = YES;
				INFOPLIST_KEY_UISupportedInterfaceOrientations_iPad = "UIInterfaceOrientationPortrait UIInterfaceOrientationPortraitUpsideDown UIInterfaceOrientationLandscapeLeft UIInterfaceOrientationLandscapeRight";
				INFOPLIST_KEY_UISupportedInterfaceOrientations_iPhone = "UIInterfaceOrientationPortrait UIInterfaceOrientationLandscapeLeft UIInterfaceOrientationLandscapeRight";
				LD_RUNPATH_SEARCH_PATHS = (
					"$(inherited)",
					"@executable_path/Frameworks",
				);
				MARKETING_VERSION = 1.0;
				PRODUCT_BUNDLE_IDENTIFIER = ia.esev.BasicAppIOS;
				PRODUCT_NAME = "$(TARGET_NAME)";
				SWIFT_EMIT_LOC_STRINGS = YES;
				SWIFT_VERSION = 5.0;
				TARGETED_DEVICE_FAMILY = "1,2";
			};
			name = Debug;
		};
		99730C442CB19C280020C9BE /* Release */ = {
			isa = XCBuildConfiguration;
			buildSettings = {
				ASSETCATALOG_COMPILER_APPICON_NAME = AppIcon;
				ASSETCATALOG_COMPILER_GLOBAL_ACCENT_COLOR_NAME = AccentColor;
				CODE_SIGN_STYLE = Automatic;
				CURRENT_PROJECT_VERSION = 1;
				DEVELOPMENT_ASSET_PATHS = "\"BasicAppIOS/Preview Content\"";
				DEVELOPMENT_TEAM = 7C393F9A33;
				ENABLE_PREVIEWS = YES;
				GENERATE_INFOPLIST_FILE = YES;
				INFOPLIST_KEY_UIApplicationSceneManifest_Generation = YES;
				INFOPLIST_KEY_UIApplicationSupportsIndirectInputEvents = YES;
				INFOPLIST_KEY_UILaunchScreen_Generation = YES;
				INFOPLIST_KEY_UISupportedInterfaceOrientations_iPad = "UIInterfaceOrientationPortrait UIInterfaceOrientationPortraitUpsideDown UIInterfaceOrientationLandscapeLeft UIInterfaceOrientationLandscapeRight";
				INFOPLIST_KEY_UISupportedInterfaceOrientations_iPhone = "UIInterfaceOrientationPortrait UIInterfaceOrientationLandscapeLeft UIInterfaceOrientationLandscapeRight";
				LD_RUNPATH_SEARCH_PATHS = (
					"$(inherited)",
					"@executable_path/Frameworks",
				);
				MARKETING_VERSION = 1.0;
				PRODUCT_BUNDLE_IDENTIFIER = ia.esev.BasicAppIOS;
				PRODUCT_NAME = "$(TARGET_NAME)";
				SWIFT_EMIT_LOC_STRINGS = YES;
				SWIFT_VERSION = 5.0;
				TARGETED_DEVICE_FAMILY = "1,2";
			};
			name = Release;
		};
/* End XCBuildConfiguration section */

/* Begin XCConfigurationList section */
		99730C2F2CB19C250020C9BE /* Build configuration list for PBXProject "BasicAppIOS" */ = {
			isa = XCConfigurationList;
			buildConfigurations = (
				99730C402CB19C280020C9BE /* Debug */,
				99730C412CB19C280020C9BE /* Release */,
			);
			defaultConfigurationIsVisible = 0;
			defaultConfigurationName = Release;
		};
		99730C422CB19C280020C9BE /* Build configuration list for PBXNativeTarget "BasicAppIOS" */ = {
			isa = XCConfigurationList;
			buildConfigurations = (
				99730C432CB19C280020C9BE /* Debug */,
				99730C442CB19C280020C9BE /* Release */,
			);
			defaultConfigurationIsVisible = 0;
			defaultConfigurationName = Release;
		};
/* End XCConfigurationList section */
	};
	rootObject = 99730C2C2CB19C250020C9BE /* Project object */;
}
